// !$*UTF8*$!
{
	archiveVersion = 1;
	classes = {
	};
	objectVersion = 77;
	objects = {

/* Begin PBXBuildFile section */
		00795CD6EB1F1C36E00EFF47 /* MediaResponse.swift in Sources */ = {isa = PBXBuildFile; fileRef = 429CECE4CC3A2C344C99D243 /* MediaResponse.swift */; };
		1C865DDBB7D7B840ECA2BB40 /* PlayerViewModelTests.swift in Sources */ = {isa = PBXBuildFile; fileRef = CE7A9983A583BA90DEA479D3 /* PlayerViewModelTests.swift */; };
		20464704440B88469CE4F20C /* PlayerStateTests.swift in Sources */ = {isa = PBXBuildFile; fileRef = 9E7C469664E33B583FE9AD2A /* PlayerStateTests.swift */; };
		29B0FC6E4BE28FA57B012BD1 /* RadioPlayerTests.swift in Sources */ = {isa = PBXBuildFile; fileRef = A01856E3F04329D66ADC4256 /* RadioPlayerTests.swift */; };
		2EC692DB279F676FEDBA57AB /* PlayerState.swift in Sources */ = {isa = PBXBuildFile; fileRef = 7F7F1182E4B7CE8E5CCF80ED /* PlayerState.swift */; };
		3F47F4FF735140936EFEAF3F /* AudioPlayerProtocol.swift in Sources */ = {isa = PBXBuildFile; fileRef = CC04AF9EE5B0750449C59A58 /* AudioPlayerProtocol.swift */; };
		412B563C79C991A7F72E4685 /* MediaAPIClientTests.swift in Sources */ = {isa = PBXBuildFile; fileRef = 5645B0ED134B531558A92CAB /* MediaAPIClientTests.swift */; };
		6EF52639E1C353E8E9482FA2 /* RadioPlayerApp.swift in Sources */ = {isa = PBXBuildFile; fileRef = CECDC635E54E206FC87AB7C3 /* RadioPlayerApp.swift */; };
		852B6DC556E5996CA68922E0 /* URLSessionProtocol.swift in Sources */ = {isa = PBXBuildFile; fileRef = A7F88AEE91227360221122A5 /* URLSessionProtocol.swift */; };
		8613AA9936DA0D9955973F1F /* MediaAPIClient.swift in Sources */ = {isa = PBXBuildFile; fileRef = AF7A623F072BCED79C3E3208 /* MediaAPIClient.swift */; };
		9B367E990829DB9C0C6B15AF /* ContentView.swift in Sources */ = {isa = PBXBuildFile; fileRef = 187536E52E3FB6F03682490C /* ContentView.swift */; };
		CDE8E62B8E35CDD8762170A3 /* PlayerViewModel.swift in Sources */ = {isa = PBXBuildFile; fileRef = 8C06F167A8C0A88021DC53D4 /* PlayerViewModel.swift */; };
/* End PBXBuildFile section */

/* Begin PBXContainerItemProxy section */
		8102B137BADE6C61FA997351 /* PBXContainerItemProxy */ = {
			isa = PBXContainerItemProxy;
			containerPortal = 334D31CF48DC39CE2DDA9F2A /* Project object */;
			proxyType = 1;
			remoteGlobalIDString = 5DDF6D5F6314EE02B54784CF;
			remoteInfo = RadioPlayer;
		};
/* End PBXContainerItemProxy section */

/* Begin PBXFileReference section */
		187536E52E3FB6F03682490C /* ContentView.swift */ = {isa = PBXFileReference; lastKnownFileType = sourcecode.swift; path = ContentView.swift; sourceTree = "<group>"; };
		429CECE4CC3A2C344C99D243 /* MediaResponse.swift */ = {isa = PBXFileReference; lastKnownFileType = sourcecode.swift; path = MediaResponse.swift; sourceTree = "<group>"; };
		5645B0ED134B531558A92CAB /* MediaAPIClientTests.swift */ = {isa = PBXFileReference; lastKnownFileType = sourcecode.swift; path = MediaAPIClientTests.swift; sourceTree = "<group>"; };
		75764129655032523AE69A78 /* Info.plist */ = {isa = PBXFileReference; lastKnownFileType = text.plist; path = Info.plist; sourceTree = "<group>"; };
		7F7F1182E4B7CE8E5CCF80ED /* PlayerState.swift */ = {isa = PBXFileReference; lastKnownFileType = sourcecode.swift; path = PlayerState.swift; sourceTree = "<group>"; };
		8C06F167A8C0A88021DC53D4 /* PlayerViewModel.swift */ = {isa = PBXFileReference; lastKnownFileType = sourcecode.swift; path = PlayerViewModel.swift; sourceTree = "<group>"; };
		9E7C469664E33B583FE9AD2A /* PlayerStateTests.swift */ = {isa = PBXFileReference; lastKnownFileType = sourcecode.swift; path = PlayerStateTests.swift; sourceTree = "<group>"; };
		A01856E3F04329D66ADC4256 /* RadioPlayerTests.swift */ = {isa = PBXFileReference; lastKnownFileType = sourcecode.swift; path = RadioPlayerTests.swift; sourceTree = "<group>"; };
		A204235C6453E7173B690009 /* RadioPlayer.app */ = {isa = PBXFileReference; includeInIndex = 0; lastKnownFileType = wrapper.application; path = RadioPlayer.app; sourceTree = BUILT_PRODUCTS_DIR; };
		A7F88AEE91227360221122A5 /* URLSessionProtocol.swift */ = {isa = PBXFileReference; lastKnownFileType = sourcecode.swift; path = URLSessionProtocol.swift; sourceTree = "<group>"; };
		AF7A623F072BCED79C3E3208 /* MediaAPIClient.swift */ = {isa = PBXFileReference; lastKnownFileType = sourcecode.swift; path = MediaAPIClient.swift; sourceTree = "<group>"; };
		CC04AF9EE5B0750449C59A58 /* AudioPlayerProtocol.swift */ = {isa = PBXFileReference; lastKnownFileType = sourcecode.swift; path = AudioPlayerProtocol.swift; sourceTree = "<group>"; };
		CE7A9983A583BA90DEA479D3 /* PlayerViewModelTests.swift */ = {isa = PBXFileReference; lastKnownFileType = sourcecode.swift; path = PlayerViewModelTests.swift; sourceTree = "<group>"; };
		CECDC635E54E206FC87AB7C3 /* RadioPlayerApp.swift */ = {isa = PBXFileReference; lastKnownFileType = sourcecode.swift; path = RadioPlayerApp.swift; sourceTree = "<group>"; };
		D9C341B34EED6C7DC6CF5230 /* RadioPlayerTests.xctest */ = {isa = PBXFileReference; includeInIndex = 0; lastKnownFileType = wrapper.cfbundle; path = RadioPlayerTests.xctest; sourceTree = BUILT_PRODUCTS_DIR; };
/* End PBXFileReference section */

/* Begin PBXGroup section */
		0010C2534414B396D514C119 = {
			isa = PBXGroup;
			children = (
				C2AB5FD2EE9CE579E98903B2 /* RadioPlayer */,
				09D852397F78E9F101EDE167 /* Products */,
			);
			sourceTree = "<group>";
		};
		09D852397F78E9F101EDE167 /* Products */ = {
			isa = PBXGroup;
			children = (
				A204235C6453E7173B690009 /* RadioPlayer.app */,
				D9C341B34EED6C7DC6CF5230 /* RadioPlayerTests.xctest */,
			);
			name = Products;
			sourceTree = "<group>";
		};
		324CEB44CFDF418432492D48 /* AppCore */ = {
			isa = PBXGroup;
			children = (
				7F7F1182E4B7CE8E5CCF80ED /* PlayerState.swift */,
				8C06F167A8C0A88021DC53D4 /* PlayerViewModel.swift */,
			);
			path = AppCore;
			sourceTree = "<group>";
		};
		98CE2D86BD8D8D17C6092629 /* Audio */ = {
			isa = PBXGroup;
			children = (
				CC04AF9EE5B0750449C59A58 /* AudioPlayerProtocol.swift */,
			);
			path = Audio;
			sourceTree = "<group>";
		};
		A38BC57BE30D05B50C615EA7 /* RadioPlayer */ = {
			isa = PBXGroup;
			children = (
				187536E52E3FB6F03682490C /* ContentView.swift */,
				75764129655032523AE69A78 /* Info.plist */,
				CECDC635E54E206FC87AB7C3 /* RadioPlayerApp.swift */,
				324CEB44CFDF418432492D48 /* AppCore */,
				98CE2D86BD8D8D17C6092629 /* Audio */,
				DA618F6929EEA68FB6D3C94D /* Network */,
			);
			path = RadioPlayer;
			sourceTree = "<group>";
		};
		C2AB5FD2EE9CE579E98903B2 /* RadioPlayer */ = {
			isa = PBXGroup;
			children = (
				A38BC57BE30D05B50C615EA7 /* RadioPlayer */,
				FE9E10CA54ABE1C1FE80B7AB /* RadioPlayerTests */,
			);
			path = RadioPlayer;
			sourceTree = "<group>";
		};
		DA618F6929EEA68FB6D3C94D /* Network */ = {
			isa = PBXGroup;
			children = (
				AF7A623F072BCED79C3E3208 /* MediaAPIClient.swift */,
				429CECE4CC3A2C344C99D243 /* MediaResponse.swift */,
				A7F88AEE91227360221122A5 /* URLSessionProtocol.swift */,
			);
			path = Network;
			sourceTree = "<group>";
		};
		FE9E10CA54ABE1C1FE80B7AB /* RadioPlayerTests */ = {
			isa = PBXGroup;
			children = (
				5645B0ED134B531558A92CAB /* MediaAPIClientTests.swift */,
				9E7C469664E33B583FE9AD2A /* PlayerStateTests.swift */,
				CE7A9983A583BA90DEA479D3 /* PlayerViewModelTests.swift */,
				A01856E3F04329D66ADC4256 /* RadioPlayerTests.swift */,
			);
			path = RadioPlayerTests;
			sourceTree = "<group>";
		};
/* End PBXGroup section */

/* Begin PBXNativeTarget section */
		173159B438F701F0DC4550AA /* RadioPlayerTests */ = {
			isa = PBXNativeTarget;
			buildConfigurationList = C06AE6412B53D09BC482B3BC /* Build configuration list for PBXNativeTarget "RadioPlayerTests" */;
			buildPhases = (
				3C44309CAF74264012E9BE85 /* Sources */,
			);
			buildRules = (
			);
			dependencies = (
				81111A27DA23CCE5E0F537FB /* PBXTargetDependency */,
			);
			name = RadioPlayerTests;
			packageProductDependencies = (
			);
			productName = RadioPlayerTests;
			productReference = D9C341B34EED6C7DC6CF5230 /* RadioPlayerTests.xctest */;
			productType = "com.apple.product-type.bundle.unit-test";
		};
		5DDF6D5F6314EE02B54784CF /* RadioPlayer */ = {
			isa = PBXNativeTarget;
			buildConfigurationList = 97478899CFF8B80913E4F662 /* Build configuration list for PBXNativeTarget "RadioPlayer" */;
			buildPhases = (
				EB066CE518A5FC1CAA67780A /* Sources */,
			);
			buildRules = (
			);
			dependencies = (
			);
			name = RadioPlayer;
			packageProductDependencies = (
			);
			productName = RadioPlayer;
			productReference = A204235C6453E7173B690009 /* RadioPlayer.app */;
			productType = "com.apple.product-type.application";
		};
/* End PBXNativeTarget section */

/* Begin PBXProject section */
		334D31CF48DC39CE2DDA9F2A /* Project object */ = {
			isa = PBXProject;
			attributes = {
				BuildIndependentTargetsInParallel = YES;
				LastUpgradeCheck = 1430;
			};
			buildConfigurationList = AA3F0135BD94D1D95829C238 /* Build configuration list for PBXProject "RadioPlayer" */;
			compatibilityVersion = "Xcode 14.0";
			developmentRegion = en;
			hasScannedForEncodings = 0;
			knownRegions = (
				Base,
				en,
			);
			mainGroup = 0010C2534414B396D514C119;
			minimizedProjectReferenceProxies = 1;
			preferredProjectObjectVersion = 77;
			projectDirPath = "";
			projectRoot = "";
			targets = (
				5DDF6D5F6314EE02B54784CF /* RadioPlayer */,
				173159B438F701F0DC4550AA /* RadioPlayerTests */,
			);
		};
/* End PBXProject section */

/* Begin PBXSourcesBuildPhase section */
		3C44309CAF74264012E9BE85 /* Sources */ = {
			isa = PBXSourcesBuildPhase;
			buildActionMask = 2147483647;
			files = (
				412B563C79C991A7F72E4685 /* MediaAPIClientTests.swift in Sources */,
				20464704440B88469CE4F20C /* PlayerStateTests.swift in Sources */,
				1C865DDBB7D7B840ECA2BB40 /* PlayerViewModelTests.swift in Sources */,
				29B0FC6E4BE28FA57B012BD1 /* RadioPlayerTests.swift in Sources */,
			);
			runOnlyForDeploymentPostprocessing = 0;
		};
		EB066CE518A5FC1CAA67780A /* Sources */ = {
			isa = PBXSourcesBuildPhase;
			buildActionMask = 2147483647;
			files = (
				3F47F4FF735140936EFEAF3F /* AudioPlayerProtocol.swift in Sources */,
				9B367E990829DB9C0C6B15AF /* ContentView.swift in Sources */,
				8613AA9936DA0D9955973F1F /* MediaAPIClient.swift in Sources */,
				00795CD6EB1F1C36E00EFF47 /* MediaResponse.swift in Sources */,
				2EC692DB279F676FEDBA57AB /* PlayerState.swift in Sources */,
				CDE8E62B8E35CDD8762170A3 /* PlayerViewModel.swift in Sources */,
				6EF52639E1C353E8E9482FA2 /* RadioPlayerApp.swift in Sources */,
				852B6DC556E5996CA68922E0 /* URLSessionProtocol.swift in Sources */,
			);
			runOnlyForDeploymentPostprocessing = 0;
		};
/* End PBXSourcesBuildPhase section */

/* Begin PBXTargetDependency section */
		81111A27DA23CCE5E0F537FB /* PBXTargetDependency */ = {
			isa = PBXTargetDependency;
			target = 5DDF6D5F6314EE02B54784CF /* RadioPlayer */;
			targetProxy = 8102B137BADE6C61FA997351 /* PBXContainerItemProxy */;
		};
/* End PBXTargetDependency section */

/* Begin XCBuildConfiguration section */
		15401A0BDB5EF11CE70FC9F8 /* Release */ = {
			isa = XCBuildConfiguration;
			buildSettings = {
				BUNDLE_LOADER = "$(TEST_HOST)";
				GENERATE_INFOPLIST_FILE = YES;
				LD_RUNPATH_SEARCH_PATHS = (
					"$(inherited)",
					"@executable_path/Frameworks",
					"@loader_path/Frameworks",
				);
				PRODUCT_BUNDLE_IDENTIFIER = com.example.RadioPlayerTests;
				SDKROOT = iphoneos;
				TARGETED_DEVICE_FAMILY = "1,2";
				TEST_HOST = "$(BUILT_PRODUCTS_DIR)/RadioPlayer.app/RadioPlayer";
			};
			name = Release;
		};
		3FD1A6694A0C1F85EE00F02F /* Debug */ = {
			isa = XCBuildConfiguration;
			buildSettings = {
				BUNDLE_LOADER = "$(TEST_HOST)";
				GENERATE_INFOPLIST_FILE = YES;
				LD_RUNPATH_SEARCH_PATHS = (
					"$(inherited)",
					"@executable_path/Frameworks",
					"@loader_path/Frameworks",
				);
				PRODUCT_BUNDLE_IDENTIFIER = com.example.RadioPlayerTests;
				SDKROOT = iphoneos;
				TARGETED_DEVICE_FAMILY = "1,2";
				TEST_HOST = "$(BUILT_PRODUCTS_DIR)/RadioPlayer.app/RadioPlayer";
			};
			name = Debug;
		};
		955282953DFBAB7789086AAA /* Debug */ = {
			isa = XCBuildConfiguration;
			buildSettings = {
				ALWAYS_SEARCH_USER_PATHS = NO;
				CLANG_ANALYZER_NONNULL = YES;
				CLANG_ANALYZER_NUMBER_OBJECT_CONVERSION = YES_AGGRESSIVE;
				CLANG_CXX_LANGUAGE_STANDARD = "gnu++14";
				CLANG_CXX_LIBRARY = "libc++";
				CLANG_ENABLE_MODULES = YES;
				CLANG_ENABLE_OBJC_ARC = YES;
				CLANG_ENABLE_OBJC_WEAK = YES;
				CLANG_WARN_BLOCK_CAPTURE_AUTORELEASING = YES;
				CLANG_WARN_BOOL_CONVERSION = YES;
				CLANG_WARN_COMMA = YES;
				CLANG_WARN_CONSTANT_CONVERSION = YES;
				CLANG_WARN_DEPRECATED_OBJC_IMPLEMENTATIONS = YES;
				CLANG_WARN_DIRECT_OBJC_ISA_USAGE = YES_ERROR;
				CLANG_WARN_DOCUMENTATION_COMMENTS = YES;
				CLANG_WARN_EMPTY_BODY = YES;
				CLANG_WARN_ENUM_CONVERSION = YES;
				CLANG_WARN_INFINITE_RECURSION = YES;
				CLANG_WARN_INT_CONVERSION = YES;
				CLANG_WARN_NON_LITERAL_NULL_CONVERSION = YES;
				CLANG_WARN_OBJC_IMPLICIT_RETAIN_SELF = YES;
				CLANG_WARN_OBJC_LITERAL_CONVERSION = YES;
				CLANG_WARN_OBJC_ROOT_CLASS = YES_ERROR;
				CLANG_WARN_QUOTED_INCLUDE_IN_FRAMEWORK_HEADER = YES;
				CLANG_WARN_RANGE_LOOP_ANALYSIS = YES;
				CLANG_WARN_STRICT_PROTOTYPES = YES;
				CLANG_WARN_SUSPICIOUS_MOVE = YES;
				CLANG_WARN_UNGUARDED_AVAILABILITY = YES_AGGRESSIVE;
				CLANG_WARN_UNREACHABLE_CODE = YES;
				CLANG_WARN__DUPLICATE_METHOD_MATCH = YES;
				COPY_PHASE_STRIP = NO;
				DEBUG_INFORMATION_FORMAT = dwarf;
				ENABLE_STRICT_OBJC_MSGSEND = YES;
				ENABLE_TESTABILITY = YES;
				GCC_C_LANGUAGE_STANDARD = gnu11;
				GCC_DYNAMIC_NO_PIC = NO;
				GCC_NO_COMMON_BLOCKS = YES;
				GCC_OPTIMIZATION_LEVEL = 0;
				GCC_PREPROCESSOR_DEFINITIONS = (
					"$(inherited)",
					"DEBUG=1",
				);
				GCC_WARN_64_TO_32_BIT_CONVERSION = YES;
				GCC_WARN_ABOUT_RETURN_TYPE = YES_ERROR;
				GCC_WARN_UNDECLARED_SELECTOR = YES;
				GCC_WARN_UNINITIALIZED_AUTOS = YES_AGGRESSIVE;
				GCC_WARN_UNUSED_FUNCTION = YES;
				GCC_WARN_UNUSED_VARIABLE = YES;
				IPHONEOS_DEPLOYMENT_TARGET = 16.0;
				MTL_ENABLE_DEBUG_INFO = INCLUDE_SOURCE;
				MTL_FAST_MATH = YES;
				ONLY_ACTIVE_ARCH = YES;
				PRODUCT_BUNDLE_IDENTIFIER = com.example.RadioPlayer;
				PRODUCT_NAME = "$(TARGET_NAME)";
				SDKROOT = iphoneos;
				SWIFT_ACTIVE_COMPILATION_CONDITIONS = DEBUG;
				SWIFT_OPTIMIZATION_LEVEL = "-Onone";
				SWIFT_VERSION = 5.9;
			};
			name = Debug;
		};
		99B7945772F92CBC65BF7CE5 /* Debug */ = {
			isa = XCBuildConfiguration;
			buildSettings = {
				ASSETCATALOG_COMPILER_APPICON_NAME = AppIcon;
				CODE_SIGN_IDENTITY = "iPhone Developer";
				INFOPLIST_FILE = RadioPlayer/RadioPlayer/Info.plist;
				LD_RUNPATH_SEARCH_PATHS = (
					"$(inherited)",
					"@executable_path/Frameworks",
				);
				SDKROOT = iphoneos;
				TARGETED_DEVICE_FAMILY = "1,2";
			};
			name = Debug;
		};
		BD687DE75FE1766A4CF8668F /* Release */ = {
			isa = XCBuildConfiguration;
			buildSettings = {
				ALWAYS_SEARCH_USER_PATHS = NO;
				CLANG_ANALYZER_NONNULL = YES;
				CLANG_ANALYZER_NUMBER_OBJECT_CONVERSION = YES_AGGRESSIVE;
				CLANG_CXX_LANGUAGE_STANDARD = "gnu++14";
				CLANG_CXX_LIBRARY = "libc++";
				CLANG_ENABLE_MODULES = YES;
				CLANG_ENABLE_OBJC_ARC = YES;
				CLANG_ENABLE_OBJC_WEAK = YES;
				CLANG_WARN_BLOCK_CAPTURE_AUTORELEASING = YES;
				CLANG_WARN_BOOL_CONVERSION = YES;
				CLANG_WARN_COMMA = YES;
				CLANG_WARN_CONSTANT_CONVERSION = YES;
				CLANG_WARN_DEPRECATED_OBJC_IMPLEMENTATIONS = YES;
				CLANG_WARN_DIRECT_OBJC_ISA_USAGE = YES_ERROR;
				CLANG_WARN_DOCUMENTATION_COMMENTS = YES;
				CLANG_WARN_EMPTY_BODY = YES;
				CLANG_WARN_ENUM_CONVERSION = YES;
				CLANG_WARN_INFINITE_RECURSION = YES;
				CLANG_WARN_INT_CONVERSION = YES;
				CLANG_WARN_NON_LITERAL_NULL_CONVERSION = YES;
				CLANG_WARN_OBJC_IMPLICIT_RETAIN_SELF = YES;
				CLANG_WARN_OBJC_LITERAL_CONVERSION = YES;
				CLANG_WARN_OBJC_ROOT_CLASS = YES_ERROR;
				CLANG_WARN_QUOTED_INCLUDE_IN_FRAMEWORK_HEADER = YES;
				CLANG_WARN_RANGE_LOOP_ANALYSIS = YES;
				CLANG_WARN_STRICT_PROTOTYPES = YES;
				CLANG_WARN_SUSPICIOUS_MOVE = YES;
				CLANG_WARN_UNGUARDED_AVAILABILITY = YES_AGGRESSIVE;
				CLANG_WARN_UNREACHABLE_CODE = YES;
				CLANG_WARN__DUPLICATE_METHOD_MATCH = YES;
				COPY_PHASE_STRIP = NO;
				DEBUG_INFORMATION_FORMAT = "dwarf-with-dsym";
				ENABLE_NS_ASSERTIONS = NO;
				ENABLE_STRICT_OBJC_MSGSEND = YES;
				GCC_C_LANGUAGE_STANDARD = gnu11;
				GCC_NO_COMMON_BLOCKS = YES;
				GCC_WARN_64_TO_32_BIT_CONVERSION = YES;
				GCC_WARN_ABOUT_RETURN_TYPE = YES_ERROR;
				GCC_WARN_UNDECLARED_SELECTOR = YES;
				GCC_WARN_UNINITIALIZED_AUTOS = YES_AGGRESSIVE;
				GCC_WARN_UNUSED_FUNCTION = YES;
				GCC_WARN_UNUSED_VARIABLE = YES;
				IPHONEOS_DEPLOYMENT_TARGET = 16.0;
				MTL_ENABLE_DEBUG_INFO = NO;
				MTL_FAST_MATH = YES;
				PRODUCT_BUNDLE_IDENTIFIER = com.example.RadioPlayer;
				PRODUCT_NAME = "$(TARGET_NAME)";
				SDKROOT = iphoneos;
				SWIFT_COMPILATION_MODE = wholemodule;
				SWIFT_OPTIMIZATION_LEVEL = "-O";
				SWIFT_VERSION = 5.9;
			};
			name = Release;
		};
		E6F828FE102A2F5DEE3802C1 /* Release */ = {
			isa = XCBuildConfiguration;
			buildSettings = {
				ASSETCATALOG_COMPILER_APPICON_NAME = AppIcon;
				CODE_SIGN_IDENTITY = "iPhone Developer";
				INFOPLIST_FILE = RadioPlayer/RadioPlayer/Info.plist;
				LD_RUNPATH_SEARCH_PATHS = (
					"$(inherited)",
					"@executable_path/Frameworks",
				);
				SDKROOT = iphoneos;
				TARGETED_DEVICE_FAMILY = "1,2";
			};
			name = Release;
		};
/* End XCBuildConfiguration section */

/* Begin XCConfigurationList section */
		97478899CFF8B80913E4F662 /* Build configuration list for PBXNativeTarget "RadioPlayer" */ = {
			isa = XCConfigurationList;
			buildConfigurations = (
				99B7945772F92CBC65BF7CE5 /* Debug */,
				E6F828FE102A2F5DEE3802C1 /* Release */,
			);
			defaultConfigurationIsVisible = 0;
			defaultConfigurationName = Debug;
		};
		AA3F0135BD94D1D95829C238 /* Build configuration list for PBXProject "RadioPlayer" */ = {
			isa = XCConfigurationList;
			buildConfigurations = (
				955282953DFBAB7789086AAA /* Debug */,
				BD687DE75FE1766A4CF8668F /* Release */,
			);
			defaultConfigurationIsVisible = 0;
			defaultConfigurationName = Debug;
		};
		C06AE6412B53D09BC482B3BC /* Build configuration list for PBXNativeTarget "RadioPlayerTests" */ = {
			isa = XCConfigurationList;
			buildConfigurations = (
				3FD1A6694A0C1F85EE00F02F /* Debug */,
				15401A0BDB5EF11CE70FC9F8 /* Release */,
			);
			defaultConfigurationIsVisible = 0;
			defaultConfigurationName = Debug;
		};
/* End XCConfigurationList section */
	};
	rootObject = 334D31CF48DC39CE2DDA9F2A /* Project object */;
}
